
Microsoft Visual Studio Solution File, Format Version 12.00
# Visual Studio Version 17
VisualStudioVersion = 17.7.34024.191
MinimumVisualStudioVersion = 10.0.40219.1
Project("{C9674DCB-5085-4A16-B785-4C70DD1589BD}") = "ETL_Telecom_UseCase", "ETL_Telecom_UseCase.dtproj", "{8D29F712-487C-4704-BA12-79179EB74419}"
EndProject
Global
	GlobalSection(SolutionConfigurationPlatforms) = preSolution
		Development|Default = Development|Default
	EndGlobalSection
	GlobalSection(ProjectConfigurationPlatforms) = postSolution
		{8D29F712-487C-4704-BA12-79179EB74419}.Development|Default.ActiveCfg = Development
		{8D29F712-487C-4704-BA12-79179EB74419}.Development|Default.Build.0 = Development
	EndGlobalSection
	GlobalSection(SolutionProperties) = preSolution
		HideSolutionNode = FALSE
	EndGlobalSection
	GlobalSection(ExtensibilityGlobals) = postSolution
		SolutionGuid = {E95B1227-0371-4713-871E-593322A3E237}
	EndGlobalSection
EndGlobal
